
Microsoft Visual Studio Solution File, Format Version 12.00
# Visual Studio Version 17
VisualStudioVersion = 17.10.35122.118
MinimumVisualStudioVersion = 10.0.40219.1
Project("{FAE04EC0-301F-11D3-BF4B-00C04F79EFBC}") = "JoinLogger", "JoinLogger\JoinLogger.csproj", "{674347EC-C663-4E0B-B092-725C4253D8F1}"
EndProject
Global
	GlobalSection(SolutionConfigurationPlatforms) = preSolution
		Debug|Any CPU = Debug|Any CPU
		Release|Any CPU = Release|Any CPU
	EndGlobalSection
	GlobalSection(ProjectConfigurationPlatforms) = postSolution
		{674347EC-C663-4E0B-B092-725C4253D8F1}.Debug|Any CPU.ActiveCfg = Debug|Any CPU
		{674347EC-C663-4E0B-B092-725C4253D8F1}.Debug|Any CPU.Build.0 = Debug|Any CPU
		{674347EC-C663-4E0B-B092-725C4253D8F1}.Release|Any CPU.ActiveCfg = Release|Any CPU
		{674347EC-C663-4E0B-B092-725C4253D8F1}.Release|Any CPU.Build.0 = Release|Any CPU
	EndGlobalSection
	GlobalSection(SolutionProperties) = preSolution
		HideSolutionNode = FALSE
	EndGlobalSection
	GlobalSection(ExtensibilityGlobals) = postSolution
		SolutionGuid = {EE801026-CD51-4BCB-8DCC-A32E5CCDC4BE}
	EndGlobalSection
EndGlobal
